
Microsoft Visual Studio Solution File, Format Version 12.00
# Visual Studio Version 16
VisualStudioVersion = 16.0.31729.503
MinimumVisualStudioVersion = 10.0.40219.1
Project("{FAE04EC0-301F-11D3-BF4B-00C04F79EFBC}") = "Fulfillment", "Fulfillment\Fulfillment.csproj", "{43D0EC6F-2228-4FF7-A710-B057A2DABD6E}"
EndProject
Project("{FAE04EC0-301F-11D3-BF4B-00C04F79EFBC}") = "Fulfillment.Tests", "Fulfillment.Tests\Fulfillment.Tests.csproj", "{56305ED2-9D6E-46E8-8379-1F491FC64087}"
EndProject
Global
	GlobalSection(SolutionConfigurationPlatforms) = preSolution
		Debug|Any CPU = Debug|Any CPU
		Release|Any CPU = Release|Any CPU
	EndGlobalSection
	GlobalSection(ProjectConfigurationPlatforms) = postSolution
		{43D0EC6F-2228-4FF7-A710-B057A2DABD6E}.Debug|Any CPU.ActiveCfg = Debug|Any CPU
		{43D0EC6F-2228-4FF7-A710-B057A2DABD6E}.Debug|Any CPU.Build.0 = Debug|Any CPU
		{43D0EC6F-2228-4FF7-A710-B057A2DABD6E}.Release|Any CPU.ActiveCfg = Release|Any CPU
		{43D0EC6F-2228-4FF7-A710-B057A2DABD6E}.Release|Any CPU.Build.0 = Release|Any CPU
		{56305ED2-9D6E-46E8-8379-1F491FC64087}.Debug|Any CPU.ActiveCfg = Debug|Any CPU
		{56305ED2-9D6E-46E8-8379-1F491FC64087}.Debug|Any CPU.Build.0 = Debug|Any CPU
		{56305ED2-9D6E-46E8-8379-1F491FC64087}.Release|Any CPU.ActiveCfg = Release|Any CPU
		{56305ED2-9D6E-46E8-8379-1F491FC64087}.Release|Any CPU.Build.0 = Release|Any CPU
	EndGlobalSection
	GlobalSection(SolutionProperties) = preSolution
		HideSolutionNode = FALSE
	EndGlobalSection
	GlobalSection(ExtensibilityGlobals) = postSolution
		SolutionGuid = {7CA8CA0E-3603-42A7-ABA5-6AC1068BADF5}
	EndGlobalSection
EndGlobal
